
Microsoft Visual Studio Solution File, Format Version 12.00
# Visual Studio 15
VisualStudioVersion = 15.0.27130.2010
MinimumVisualStudioVersion = 10.0.40219.1
Project("{FAE04EC0-301F-11D3-BF4B-00C04F79EFBC}") = "CSVtoDatabase", "CSVtoDatabase.csproj", "{666116A6-62F3-4D90-A11B-45B5E70E188D}"
EndProject
Project("{FAE04EC0-301F-11D3-BF4B-00C04F79EFBC}") = "ThreadConsole", "D:\VisualStudioProjects\ThreadConsole\ThreadConsole.csproj", "{4C98119B-E0ED-4529-B498-907A813BC39F}"
EndProject
Project("{FAE04EC0-301F-11D3-BF4B-00C04F79EFBC}") = "ListBoxSample", "..\ListBoxSample\ListBoxSample.csproj", "{BBAD3980-D011-4DE0-B10D-DD97E305D734}"
EndProject
Project("{9A19103F-16F7-4668-BE54-9A1E7A4F7556}") = "TextReader", "..\TextReader\TextReader.csproj", "{4C7AFE08-C601-4F4D-AA15-F711F1F03C2E}"
EndProject
Project("{FAE04EC0-301F-11D3-BF4B-00C04F79EFBC}") = "JDivider", "..\JDivider\JDivider.csproj", "{CEF46B84-7890-45F5-9625-8641C02E1037}"
EndProject
Project("{FAE04EC0-301F-11D3-BF4B-00C04F79EFBC}") = "Jeditor", "..\Jeditor\Jeditor.csproj", "{3927E79C-D284-4C4B-BB3C-014FCF9FB289}"
EndProject
Project("{FAE04EC0-301F-11D3-BF4B-00C04F79EFBC}") = "Jdrawing", "Jdrawing\Jdrawing.csproj", "{D1FE8063-4086-41B6-88EE-A543A64D2278}"
EndProject
Project("{FAE04EC0-301F-11D3-BF4B-00C04F79EFBC}") = "Zimei", "..\Zimei\Zimei.csproj", "{E5DF9C3D-C70C-480A-AD90-F151E93A639F}"
EndProject
Global
	GlobalSection(SolutionConfigurationPlatforms) = preSolution
		Debug|Any CPU = Debug|Any CPU
		Release|Any CPU = Release|Any CPU
	EndGlobalSection
	GlobalSection(ProjectConfigurationPlatforms) = postSolution
		{666116A6-62F3-4D90-A11B-45B5E70E188D}.Debug|Any CPU.ActiveCfg = Debug|Any CPU
		{666116A6-62F3-4D90-A11B-45B5E70E188D}.Debug|Any CPU.Build.0 = Debug|Any CPU
		{666116A6-62F3-4D90-A11B-45B5E70E188D}.Release|Any CPU.ActiveCfg = Release|Any CPU
		{666116A6-62F3-4D90-A11B-45B5E70E188D}.Release|Any CPU.Build.0 = Release|Any CPU
		{4C98119B-E0ED-4529-B498-907A813BC39F}.Debug|Any CPU.ActiveCfg = Debug|Any CPU
		{4C98119B-E0ED-4529-B498-907A813BC39F}.Debug|Any CPU.Build.0 = Debug|Any CPU
		{4C98119B-E0ED-4529-B498-907A813BC39F}.Release|Any CPU.ActiveCfg = Release|Any CPU
		{4C98119B-E0ED-4529-B498-907A813BC39F}.Release|Any CPU.Build.0 = Release|Any CPU
		{BBAD3980-D011-4DE0-B10D-DD97E305D734}.Debug|Any CPU.ActiveCfg = Debug|Any CPU
		{BBAD3980-D011-4DE0-B10D-DD97E305D734}.Debug|Any CPU.Build.0 = Debug|Any CPU
		{BBAD3980-D011-4DE0-B10D-DD97E305D734}.Release|Any CPU.ActiveCfg = Release|Any CPU
		{BBAD3980-D011-4DE0-B10D-DD97E305D734}.Release|Any CPU.Build.0 = Release|Any CPU
		{4C7AFE08-C601-4F4D-AA15-F711F1F03C2E}.Debug|Any CPU.ActiveCfg = Debug|Any CPU
		{4C7AFE08-C601-4F4D-AA15-F711F1F03C2E}.Debug|Any CPU.Build.0 = Debug|Any CPU
		{4C7AFE08-C601-4F4D-AA15-F711F1F03C2E}.Release|Any CPU.ActiveCfg = Release|Any CPU
		{4C7AFE08-C601-4F4D-AA15-F711F1F03C2E}.Release|Any CPU.Build.0 = Release|Any CPU
		{CEF46B84-7890-45F5-9625-8641C02E1037}.Debug|Any CPU.ActiveCfg = Debug|Any CPU
		{CEF46B84-7890-45F5-9625-8641C02E1037}.Debug|Any CPU.Build.0 = Debug|Any CPU
		{CEF46B84-7890-45F5-9625-8641C02E1037}.Release|Any CPU.ActiveCfg = Release|Any CPU
		{CEF46B84-7890-45F5-9625-8641C02E1037}.Release|Any CPU.Build.0 = Release|Any CPU
		{3927E79C-D284-4C4B-BB3C-014FCF9FB289}.Debug|Any CPU.ActiveCfg = Debug|Any CPU
		{3927E79C-D284-4C4B-BB3C-014FCF9FB289}.Debug|Any CPU.Build.0 = Debug|Any CPU
		{3927E79C-D284-4C4B-BB3C-014FCF9FB289}.Release|Any CPU.ActiveCfg = Release|Any CPU
		{3927E79C-D284-4C4B-BB3C-014FCF9FB289}.Release|Any CPU.Build.0 = Release|Any CPU
		{D1FE8063-4086-41B6-88EE-A543A64D2278}.Debug|Any CPU.ActiveCfg = Debug|Any CPU
		{D1FE8063-4086-41B6-88EE-A543A64D2278}.Debug|Any CPU.Build.0 = Debug|Any CPU
		{D1FE8063-4086-41B6-88EE-A543A64D2278}.Release|Any CPU.ActiveCfg = Release|Any CPU
		{D1FE8063-4086-41B6-88EE-A543A64D2278}.Release|Any CPU.Build.0 = Release|Any CPU
		{E5DF9C3D-C70C-480A-AD90-F151E93A639F}.Debug|Any CPU.ActiveCfg = Debug|Any CPU
		{E5DF9C3D-C70C-480A-AD90-F151E93A639F}.Debug|Any CPU.Build.0 = Debug|Any CPU
		{E5DF9C3D-C70C-480A-AD90-F151E93A639F}.Release|Any CPU.ActiveCfg = Release|Any CPU
		{E5DF9C3D-C70C-480A-AD90-F151E93A639F}.Release|Any CPU.Build.0 = Release|Any CPU
	EndGlobalSection
	GlobalSection(SolutionProperties) = preSolution
		HideSolutionNode = FALSE
	EndGlobalSection
	GlobalSection(ExtensibilityGlobals) = postSolution
		SolutionGuid = {752F904C-F632-4652-925B-A7DFFD3B9DCF}
	EndGlobalSection
EndGlobal
